{
  "lockfile_version": "1",
  "packages": {
    "cobra-cli@latest": {
      "last_modified": "2026-08-27T07:16:00Z",
      "resolved": "github:NixOS/nixpkgs/c27cdad491a991b11ed731760aa2ef8db0cb0410#cobra-cli",
      "source": "devbox-search",
      "version": "1.3.0",
      "systems": {
        "aarch64-darwin": {
          "outputs": [
            {
              "name": "out",
              "path": "/nix/store/h1gf8r6sg341gryclwa7n344nircb400-cobra-cli-1.3.0",
              "default": true
            }
          ],
          "store_path": "/nix/store/h1gf8r6sg341gryclwa7n344nircb400-cobra-cli-1.3.0"
        },
        "aarch64-linux": {
          "outputs": [
            {
              "name": "out",
              "path": "/nix/store/5zmjiq2v92d9l20cw0ilzj0ssxkwfbjd-cobra-cli-1.3.0",
              "default": true
            }
          ],
          "store_path": "/nix/store/5zmjiq2v92d9l20cw0ilzj0ssxkwfbjd-cobra-cli-1.3.0"
        },
        "x86_64-darwin": {
          "outputs": [
            {
              "name": "out",
              "path": "/nix/store/c3ybdmbbb3hfg686gvcwcpy7gizmvj8j-cobra-cli-1.3.0",
              "default": true
            }
          ],
          "store_path": "/nix/store/c3ybdmbbb3hfg686gvcwcpy7gizmvj8j-cobra-cli-1.3.0"
        },
        "x86_64-linux": {
          "outputs": [
            {
              "name": "out",
              "path": "/nix/store/s53l396fbbl1n08ja06gbhyn2lqih28l-cobra-cli-1.3.0",
              "default": true
            }
          ],
          "store_path": "/nix/store/s53l396fbbl1n08ja06gbhyn2lqih28l-cobra-cli-1.3.0"
        }
      }
    },
    "github:NixOS/nixpkgs/nixpkgs-unstable": {
      "last_modified": "2026-08-25T04:16:28Z",
      "resolved": "github:NixOS/nixpkgs/ac6b2166e7a9375683b8e98f860f273222337b16?lastModified=1787631388&narHash=sha256-vMiXptXarfSdJb1Gkc%2BFYVOAibuBRj7qxGa8z68q1Uw%3D"
    },
    "go@latest": {
      "last_modified": "2026-08-27T07:16:00Z",
      "resolved": "github:NixOS/nixpkgs/c27cdad491a991b11ed731760aa2ef8db0cb0410#go_1_27",
      "source": "devbox-search",
      "version": "1.27.0",
      "systems": {
        "aarch64-darwin": {
          "outputs": [
            {
              "name": "out",
              "path": "/nix/store/lz3qw52rpazqga73xgsqlj4qz1lgs4hg-go-1.27.0",
              "default": true
            }
          ],
          "store_path": "/nix/store/lz3qw52rpazqga73xgsqlj4qz1lgs4hg-go-1.27.0"
        },
        "aarch64-linux": {
          "outputs": [
            {
              "name": "out",
              "path": "/nix/store/zqjvg5805xkf6zsd8nrdvgbv58yw2phr-go-1.27.0",
              "default": true
            }
          ],
          "store_path": "/nix/store/zqjvg5805xkf6zsd8nrdvgbv58yw2phr-go-1.27.0"
        },
        "x86_64-linux": {
          "outputs": [
            {
              "name": "out",
              "path": "/nix/store/fibbp1k5gcpaxcin4dzk70yd056rfjhg-go-1.27.0",
              "default": true
            }
          ],
          "store_path": "/nix/store/fibbp1k5gcpaxcin4dzk70yd056rfjhg-go-1.27.0"
        }
      }
    }
  }
}
